// !$*UTF8*$!
{
	archiveVersion = 1;
	classes = {
	};
	objectVersion = 55;
	objects = {

/* Begin PBXBuildFile section */
		FA36CB3D2A4EF78800470965 /* Property List.plist in Resources */ = {isa = PBXBuildFile; fileRef = FA36CB3C2A4EF78800470965 /* Property List.plist */; };
		FA3ED8052A4C8AB60019AE9A /* SpeechManagerApp.swift in Sources */ = {isa = PBXBuildFile; fileRef = FA3ED8042A4C8AB60019AE9A /* SpeechManagerApp.swift */; };
		FA3ED8072A4C8AB60019AE9A /* ContentView.swift in Sources */ = {isa = PBXBuildFile; fileRef = FA3ED8062A4C8AB60019AE9A /* ContentView.swift */; };
		FA3ED8092A4C8AB90019AE9A /* Assets.xcassets in Resources */ = {isa = PBXBuildFile; fileRef = FA3ED8082A4C8AB90019AE9A /* Assets.xcassets */; };
		FA3ED80C2A4C8AB90019AE9A /* Preview Assets.xcassets in Resources */ = {isa = PBXBuildFile; fileRef = FA3ED80B2A4C8AB90019AE9A /* Preview Assets.xcassets */; };
		FA3ED8132A4C8B050019AE9A /* SpeechRecognitionViewModel.swift in Sources */ = {isa = PBXBuildFile; fileRef = FA3ED8122A4C8B040019AE9A /* SpeechRecognitionViewModel.swift */; };
		FA3ED81A2A4D7B680019AE9A /* Speech.framework in Frameworks */ = {isa = PBXBuildFile; fileRef = FA3ED8192A4D7B670019AE9A /* Speech.framework */; };
		FA3ED81C2A4D7B730019AE9A /* AVFoundation.framework in Frameworks */ = {isa = PBXBuildFile; fileRef = FA3ED81B2A4D7B730019AE9A /* AVFoundation.framework */; };
		FA3ED81E2A4D7B7E0019AE9A /* AVFAudio.framework in Frameworks */ = {isa = PBXBuildFile; fileRef = FA3ED81D2A4D7B7E0019AE9A /* AVFAudio.framework */; };
/* End PBXBuildFile section */

/* Begin PBXFileReference section */
		FA36CB3C2A4EF78800470965 /* Property List.plist */ = {isa = PBXFileReference; lastKnownFileType = text.plist.xml; path = "Property List.plist"; sourceTree = "<group>"; };
		FA3ED8012A4C8AB60019AE9A /* SpeechManager.app */ = {isa = PBXFileReference; explicitFileType = wrapper.application; includeInIndex = 0; path = SpeechManager.app; sourceTree = BUILT_PRODUCTS_DIR; };
		FA3ED8042A4C8AB60019AE9A /* SpeechManagerApp.swift */ = {isa = PBXFileReference; lastKnownFileType = sourcecode.swift; path = SpeechManagerApp.swift; sourceTree = "<group>"; };
		FA3ED8062A4C8AB60019AE9A /* ContentView.swift */ = {isa = PBXFileReference; lastKnownFileType = sourcecode.swift; path = ContentView.swift; sourceTree = "<group>"; };
		FA3ED8082A4C8AB90019AE9A /* Assets.xcassets */ = {isa = PBXFileReference; lastKnownFileType = folder.assetcatalog; path = Assets.xcassets; sourceTree = "<group>"; };
		FA3ED80B2A4C8AB90019AE9A /* Preview Assets.xcassets */ = {isa = PBXFileReference; lastKnownFileType = folder.assetcatalog; path = "Preview Assets.xcassets"; sourceTree = "<group>"; };
		FA3ED8122A4C8B040019AE9A /* SpeechRecognitionViewModel.swift */ = {isa = PBXFileReference; lastKnownFileType = sourcecode.swift; path = SpeechRecognitionViewModel.swift; sourceTree = "<group>"; };
		FA3ED8192A4D7B670019AE9A /* Speech.framework */ = {isa = PBXFileReference; lastKnownFileType = wrapper.framework; name = Speech.framework; path = System/Library/Frameworks/Speech.framework; sourceTree = SDKROOT; };
		FA3ED81B2A4D7B730019AE9A /* AVFoundation.framework */ = {isa = PBXFileReference; lastKnownFileType = wrapper.framework; name = AVFoundation.framework; path = System/Library/Frameworks/AVFoundation.framework; sourceTree = SDKROOT; };
		FA3ED81D2A4D7B7E0019AE9A /* AVFAudio.framework */ = {isa = PBXFileReference; lastKnownFileType = wrapper.framework; name = AVFAudio.framework; path = System/Library/Frameworks/AVFAudio.framework; sourceTree = SDKROOT; };
/* End PBXFileReference section */

/* Begin PBXFrameworksBuildPhase section */
		FA3ED7FE2A4C8AB60019AE9A /* Frameworks */ = {
			isa = PBXFrameworksBuildPhase;
			buildActionMask = 2147483647;
			files = (
				FA3ED81E2A4D7B7E0019AE9A /* AVFAudio.framework in Frameworks */,
				FA3ED81C2A4D7B730019AE9A /* AVFoundation.framework in Frameworks */,
				FA3ED81A2A4D7B680019AE9A /* Speech.framework in Frameworks */,
			);
			runOnlyForDeploymentPostprocessing = 0;
		};
/* End PBXFrameworksBuildPhase section */

/* Begin PBXGroup section */
		FA3ED7F82A4C8AB60019AE9A = {
			isa = PBXGroup;
			children = (
				FA3ED8032A4C8AB60019AE9A /* SpeechManager */,
				FA3ED8022A4C8AB60019AE9A /* Products */,
				FA3ED8182A4D7B670019AE9A /* Frameworks */,
			);
			sourceTree = "<group>";
		};
		FA3ED8022A4C8AB60019AE9A /* Products */ = {
			isa = PBXGroup;
			children = (
				FA3ED8012A4C8AB60019AE9A /* SpeechManager.app */,
			);
			name = Products;
			sourceTree = "<group>";
		};
		FA3ED8032A4C8AB60019AE9A /* SpeechManager */ = {
			isa = PBXGroup;
			children = (
				FA3ED8042A4C8AB60019AE9A /* SpeechManagerApp.swift */,
				FA3ED8062A4C8AB60019AE9A /* ContentView.swift */,
				FA3ED8122A4C8B040019AE9A /* SpeechRecognitionViewModel.swift */,
				FA3ED8082A4C8AB90019AE9A /* Assets.xcassets */,
				FA3ED80A2A4C8AB90019AE9A /* Preview Content */,
				FA36CB3C2A4EF78800470965 /* Property List.plist */,
			);
			path = SpeechManager;
			sourceTree = "<group>";
		};
		FA3ED80A2A4C8AB90019AE9A /* Preview Content */ = {
			isa = PBXGroup;
			children = (
				FA3ED80B2A4C8AB90019AE9A /* Preview Assets.xcassets */,
			);
			path = "Preview Content";
			sourceTree = "<group>";
		};
		FA3ED8182A4D7B670019AE9A /* Frameworks */ = {
			isa = PBXGroup;
			children = (
				FA3ED81D2A4D7B7E0019AE9A /* AVFAudio.framework */,
				FA3ED81B2A4D7B730019AE9A /* AVFoundation.framework */,
				FA3ED8192A4D7B670019AE9A /* Speech.framework */,
			);
			name = Frameworks;
			sourceTree = "<group>";
		};
/* End PBXGroup section */

/* Begin PBXNativeTarget section */
		FA3ED8002A4C8AB60019AE9A /* SpeechManager */ = {
			isa = PBXNativeTarget;
			buildConfigurationList = FA3ED80F2A4C8AB90019AE9A /* Build configuration list for PBXNativeTarget "SpeechManager" */;
			buildPhases = (
				FA3ED7FD2A4C8AB60019AE9A /* Sources */,
				FA3ED7FE2A4C8AB60019AE9A /* Frameworks */,
				FA3ED7FF2A4C8AB60019AE9A /* Resources */,
			);
			buildRules = (
			);
			dependencies = (
			);
			name = SpeechManager;
			productName = SpeechManager;
			productReference = FA3ED8012A4C8AB60019AE9A /* SpeechManager.app */;
			productType = "com.apple.product-type.application";
		};
/* End PBXNativeTarget section */

/* Begin PBXProject section */
		FA3ED7F92A4C8AB60019AE9A /* Project object */ = {
			isa = PBXProject;
			attributes = {
				BuildIndependentTargetsInParallel = 1;
				LastSwiftUpdateCheck = 1320;
				LastUpgradeCheck = 1320;
				TargetAttributes = {
					FA3ED8002A4C8AB60019AE9A = {
						CreatedOnToolsVersion = 13.2.1;
					};
				};
			};
			buildConfigurationList = FA3ED7FC2A4C8AB60019AE9A /* Build configuration list for PBXProject "SpeechManager" */;
			compatibilityVersion = "Xcode 13.0";
			developmentRegion = en;
			hasScannedForEncodings = 0;
			knownRegions = (
				en,
				Base,
			);
			mainGroup = FA3ED7F82A4C8AB60019AE9A;
			productRefGroup = FA3ED8022A4C8AB60019AE9A /* Products */;
			projectDirPath = "";
			projectRoot = "";
			targets = (
				FA3ED8002A4C8AB60019AE9A /* SpeechManager */,
			);
		};
/* End PBXProject section */

/* Begin PBXResourcesBuildPhase section */
		FA3ED7FF2A4C8AB60019AE9A /* Resources */ = {
			isa = PBXResourcesBuildPhase;
			buildActionMask = 2147483647;
			files = (
				FA36CB3D2A4EF78800470965 /* Property List.plist in Resources */,
				FA3ED80C2A4C8AB90019AE9A /* Preview Assets.xcassets in Resources */,
				FA3ED8092A4C8AB90019AE9A /* Assets.xcassets in Resources */,
			);
			runOnlyForDeploymentPostprocessing = 0;
		};
/* End PBXResourcesBuildPhase section */

/* Begin PBXSourcesBuildPhase section */
		FA3ED7FD2A4C8AB60019AE9A /* Sources */ = {
			isa = PBXSourcesBuildPhase;
			buildActionMask = 2147483647;
			files = (
				FA3ED8132A4C8B050019AE9A /* SpeechRecognitionViewModel.swift in Sources */,
				FA3ED8072A4C8AB60019AE9A /* ContentView.swift in Sources */,
				FA3ED8052A4C8AB60019AE9A /* SpeechManagerApp.swift in Sources */,
			);
			runOnlyForDeploymentPostprocessing = 0;
		};
/* End PBXSourcesBuildPhase section */

/* Begin XCBuildConfiguration section */
		FA3ED80D2A4C8AB90019AE9A /* Debug */ = {
			isa = XCBuildConfiguration;
			buildSettings = {
				ALWAYS_SEARCH_USER_PATHS = NO;
				CLANG_ANALYZER_NONNULL = YES;
				CLANG_ANALYZER_NUMBER_OBJECT_CONVERSION = YES_AGGRESSIVE;
				CLANG_CXX_LANGUAGE_STANDARD = "gnu++17";
				CLANG_CXX_LIBRARY = "libc++";
				CLANG_ENABLE_MODULES = YES;
				CLANG_ENABLE_OBJC_ARC = YES;
				CLANG_ENABLE_OBJC_WEAK = YES;
				CLANG_WARN_BLOCK_CAPTURE_AUTORELEASING = YES;
				CLANG_WARN_BOOL_CONVERSION = YES;
				CLANG_WARN_COMMA = YES;
				CLANG_WARN_CONSTANT_CONVERSION = YES;
				CLANG_WARN_DEPRECATED_OBJC_IMPLEMENTATIONS = YES;
				CLANG_WARN_DIRECT_OBJC_ISA_USAGE = YES_ERROR;
				CLANG_WARN_DOCUMENTATION_COMMENTS = YES;
				CLANG_WARN_EMPTY_BODY = YES;
				CLANG_WARN_ENUM_CONVERSION = YES;
				CLANG_WARN_INFINITE_RECURSION = YES;
				CLANG_WARN_INT_CONVERSION = YES;
				CLANG_WARN_NON_LITERAL_NULL_CONVERSION = YES;
				CLANG_WARN_OBJC_IMPLICIT_RETAIN_SELF = YES;
				CLANG_WARN_OBJC_LITERAL_CONVERSION = YES;
				CLANG_WARN_OBJC_ROOT_CLASS = YES_ERROR;
				CLANG_WARN_QUOTED_INCLUDE_IN_FRAMEWORK_HEADER = YES;
				CLANG_WARN_RANGE_LOOP_ANALYSIS = YES;
				CLANG_WARN_STRICT_PROTOTYPES = YES;
				CLANG_WARN_SUSPICIOUS_MOVE = YES;
				CLANG_WARN_UNGUARDED_AVAILABILITY = YES_AGGRESSIVE;
				CLANG_WARN_UNREACHABLE_CODE = YES;
				CLANG_WARN__DUPLICATE_METHOD_MATCH = YES;
				COPY_PHASE_STRIP = NO;
				DEBUG_INFORMATION_FORMAT = dwarf;
				ENABLE_STRICT_OBJC_MSGSEND = YES;
				ENABLE_TESTABILITY = YES;
				GCC_C_LANGUAGE_STANDARD = gnu11;
				GCC_DYNAMIC_NO_PIC = NO;
				GCC_NO_COMMON_BLOCKS = YES;
				GCC_OPTIMIZATION_LEVEL = 0;
				GCC_PREPROCESSOR_DEFINITIONS = (
					"DEBUG=1",
					"$(inherited)",
				);
				GCC_WARN_64_TO_32_BIT_CONVERSION = YES;
				GCC_WARN_ABOUT_RETURN_TYPE = YES_ERROR;
				GCC_WARN_UNDECLARED_SELECTOR = YES;
				GCC_WARN_UNINITIALIZED_AUTOS = YES_AGGRESSIVE;
				GCC_WARN_UNUSED_FUNCTION = YES;
				GCC_WARN_UNUSED_VARIABLE = YES;
				IPHONEOS_DEPLOYMENT_TARGET = 15.2;
				MTL_ENABLE_DEBUG_INFO = INCLUDE_SOURCE;
				MTL_FAST_MATH = YES;
				ONLY_ACTIVE_ARCH = YES;
				SDKROOT = iphoneos;
				SWIFT_ACTIVE_COMPILATION_CONDITIONS = DEBUG;
				SWIFT_OPTIMIZATION_LEVEL = "-Onone";
			};
			name = Debug;
		};
		FA3ED80E2A4C8AB90019AE9A /* Release */ = {
			isa = XCBuildConfiguration;
			buildSettings = {
				ALWAYS_SEARCH_USER_PATHS = NO;
				CLANG_ANALYZER_NONNULL = YES;
				CLANG_ANALYZER_NUMBER_OBJECT_CONVERSION = YES_AGGRESSIVE;
				CLANG_CXX_LANGUAGE_STANDARD = "gnu++17";
				CLANG_CXX_LIBRARY = "libc++";
				CLANG_ENABLE_MODULES = YES;
				CLANG_ENABLE_OBJC_ARC = YES;
				CLANG_ENABLE_OBJC_WEAK = YES;
				CLANG_WARN_BLOCK_CAPTURE_AUTORELEASING = YES;
				CLANG_WARN_BOOL_CONVERSION = YES;
				CLANG_WARN_COMMA = YES;
				CLANG_WARN_CONSTANT_CONVERSION = YES;
				CLANG_WARN_DEPRECATED_OBJC_IMPLEMENTATIONS = YES;
				CLANG_WARN_DIRECT_OBJC_ISA_USAGE = YES_ERROR;
				CLANG_WARN_DOCUMENTATION_COMMENTS = YES;
				CLANG_WARN_EMPTY_BODY = YES;
				CLANG_WARN_ENUM_CONVERSION = YES;
				CLANG_WARN_INFINITE_RECURSION = YES;
				CLANG_WARN_INT_CONVERSION = YES;
				CLANG_WARN_NON_LITERAL_NULL_CONVERSION = YES;
				CLANG_WARN_OBJC_IMPLICIT_RETAIN_SELF = YES;
				CLANG_WARN_OBJC_LITERAL_CONVERSION = YES;
				CLANG_WARN_OBJC_ROOT_CLASS = YES_ERROR;
				CLANG_WARN_QUOTED_INCLUDE_IN_FRAMEWORK_HEADER = YES;
				CLANG_WARN_RANGE_LOOP_ANALYSIS = YES;
				CLANG_WARN_STRICT_PROTOTYPES = YES;
				CLANG_WARN_SUSPICIOUS_MOVE = YES;
				CLANG_WARN_UNGUARDED_AVAILABILITY = YES_AGGRESSIVE;
				CLANG_WARN_UNREACHABLE_CODE = YES;
				CLANG_WARN__DUPLICATE_METHOD_MATCH = YES;
				COPY_PHASE_STRIP = NO;
				DEBUG_INFORMATION_FORMAT = "dwarf-with-dsym";
				ENABLE_NS_ASSERTIONS = NO;
				ENABLE_STRICT_OBJC_MSGSEND = YES;
				GCC_C_LANGUAGE_STANDARD = gnu11;
				GCC_NO_COMMON_BLOCKS = YES;
				GCC_WARN_64_TO_32_BIT_CONVERSION = YES;
				GCC_WARN_ABOUT_RETURN_TYPE = YES_ERROR;
				GCC_WARN_UNDECLARED_SELECTOR = YES;
				GCC_WARN_UNINITIALIZED_AUTOS = YES_AGGRESSIVE;
				GCC_WARN_UNUSED_FUNCTION = YES;
				GCC_WARN_UNUSED_VARIABLE = YES;
				IPHONEOS_DEPLOYMENT_TARGET = 15.2;
				MTL_ENABLE_DEBUG_INFO = NO;
				MTL_FAST_MATH = YES;
				SDKROOT = iphoneos;
				SWIFT_COMPILATION_MODE = wholemodule;
				SWIFT_OPTIMIZATION_LEVEL = "-O";
				VALIDATE_PRODUCT = YES;
			};
			name = Release;
		};
		FA3ED8102A4C8AB90019AE9A /* Debug */ = {
			isa = XCBuildConfiguration;
			buildSettings = {
				ASSETCATALOG_COMPILER_APPICON_NAME = AppIcon;
				ASSETCATALOG_COMPILER_GLOBAL_ACCENT_COLOR_NAME = AccentColor;
				CODE_SIGN_STYLE = Automatic;
				CURRENT_PROJECT_VERSION = 1;
				DEVELOPMENT_ASSET_PATHS = "\"SpeechManager/Preview Content\"";
				DEVELOPMENT_TEAM = 9Z2997S8AV;
				ENABLE_PREVIEWS = YES;
				GENERATE_INFOPLIST_FILE = YES;
				INFOPLIST_KEY_UIApplicationSceneManifest_Generation = YES;
				INFOPLIST_KEY_UIApplicationSupportsIndirectInputEvents = YES;
				INFOPLIST_KEY_UILaunchScreen_Generation = YES;
				INFOPLIST_KEY_UISupportedInterfaceOrientations_iPad = "UIInterfaceOrientationPortrait UIInterfaceOrientationPortraitUpsideDown UIInterfaceOrientationLandscapeLeft UIInterfaceOrientationLandscapeRight";
				INFOPLIST_KEY_UISupportedInterfaceOrientations_iPhone = "UIInterfaceOrientationPortrait UIInterfaceOrientationLandscapeLeft UIInterfaceOrientationLandscapeRight";
				LD_RUNPATH_SEARCH_PATHS = (
					"$(inherited)",
					"@executable_path/Frameworks",
				);
				MARKETING_VERSION = 1.0;
				PRODUCT_BUNDLE_IDENTIFIER = mac.SpeechManager;
				PRODUCT_NAME = "$(TARGET_NAME)";
				SWIFT_EMIT_LOC_STRINGS = YES;
				SWIFT_VERSION = 5.0;
				TARGETED_DEVICE_FAMILY = "1,2";
			};
			name = Debug;
		};
		FA3ED8112A4C8AB90019AE9A /* Release */ = {
			isa = XCBuildConfiguration;
			buildSettings = {
				ASSETCATALOG_COMPILER_APPICON_NAME = AppIcon;
				ASSETCATALOG_COMPILER_GLOBAL_ACCENT_COLOR_NAME = AccentColor;
				CODE_SIGN_STYLE = Automatic;
				CURRENT_PROJECT_VERSION = 1;
				DEVELOPMENT_ASSET_PATHS = "\"SpeechManager/Preview Content\"";
				DEVELOPMENT_TEAM = 9Z2997S8AV;
				ENABLE_PREVIEWS = YES;
				GENERATE_INFOPLIST_FILE = YES;
				INFOPLIST_KEY_UIApplicationSceneManifest_Generation = YES;
				INFOPLIST_KEY_UIApplicationSupportsIndirectInputEvents = YES;
				INFOPLIST_KEY_UILaunchScreen_Generation = YES;
				INFOPLIST_KEY_UISupportedInterfaceOrientations_iPad = "UIInterfaceOrientationPortrait UIInterfaceOrientationPortraitUpsideDown UIInterfaceOrientationLandscapeLeft UIInterfaceOrientationLandscapeRight";
				INFOPLIST_KEY_UISupportedInterfaceOrientations_iPhone = "UIInterfaceOrientationPortrait UIInterfaceOrientationLandscapeLeft UIInterfaceOrientationLandscapeRight";
				LD_RUNPATH_SEARCH_PATHS = (
					"$(inherited)",
					"@executable_path/Frameworks",
				);
				MARKETING_VERSION = 1.0;
				PRODUCT_BUNDLE_IDENTIFIER = mac.SpeechManager;
				PRODUCT_NAME = "$(TARGET_NAME)";
				SWIFT_EMIT_LOC_STRINGS = YES;
				SWIFT_VERSION = 5.0;
				TARGETED_DEVICE_FAMILY = "1,2";
			};
			name = Release;
		};
/* End XCBuildConfiguration section */

/* Begin XCConfigurationList section */
		FA3ED7FC2A4C8AB60019AE9A /* Build configuration list for PBXProject "SpeechManager" */ = {
			isa = XCConfigurationList;
			buildConfigurations = (
				FA3ED80D2A4C8AB90019AE9A /* Debug */,
				FA3ED80E2A4C8AB90019AE9A /* Release */,
			);
			defaultConfigurationIsVisible = 0;
			defaultConfigurationName = Release;
		};
		FA3ED80F2A4C8AB90019AE9A /* Build configuration list for PBXNativeTarget "SpeechManager" */ = {
			isa = XCConfigurationList;
			buildConfigurations = (
				FA3ED8102A4C8AB90019AE9A /* Debug */,
				FA3ED8112A4C8AB90019AE9A /* Release */,
			);
			defaultConfigurationIsVisible = 0;
			defaultConfigurationName = Release;
		};
/* End XCConfigurationList section */
	};
	rootObject = FA3ED7F92A4C8AB60019AE9A /* Project object */;
}
